
Microsoft Visual Studio Solution File, Format Version 12.00
# Visual Studio Version 16
VisualStudioVersion = 16.0.31410.357
MinimumVisualStudioVersion = 10.0.40219.1
Project("{FAE04EC0-301F-11D3-BF4B-00C04F79EFBC}") = "DeckofCards", "DeckofCards\DeckofCards.csproj", "{9CF37802-C975-4D93-876B-99A0A51B2D08}"
EndProject
Project("{FAE04EC0-301F-11D3-BF4B-00C04F79EFBC}") = "DeckOfCardTest", "DeckOfCardTest\DeckOfCardTest.csproj", "{00C1F58C-76B6-4B14-9F54-D546541294EA}"
EndProject
Global
	GlobalSection(SolutionConfigurationPlatforms) = preSolution
		Debug|Any CPU = Debug|Any CPU
		Release|Any CPU = Release|Any CPU
	EndGlobalSection
	GlobalSection(ProjectConfigurationPlatforms) = postSolution
		{9CF37802-C975-4D93-876B-99A0A51B2D08}.Debug|Any CPU.ActiveCfg = Debug|Any CPU
		{9CF37802-C975-4D93-876B-99A0A51B2D08}.Debug|Any CPU.Build.0 = Debug|Any CPU
		{9CF37802-C975-4D93-876B-99A0A51B2D08}.Release|Any CPU.ActiveCfg = Release|Any CPU
		{9CF37802-C975-4D93-876B-99A0A51B2D08}.Release|Any CPU.Build.0 = Release|Any CPU
		{00C1F58C-76B6-4B14-9F54-D546541294EA}.Debug|Any CPU.ActiveCfg = Debug|Any CPU
		{00C1F58C-76B6-4B14-9F54-D546541294EA}.Debug|Any CPU.Build.0 = Debug|Any CPU
		{00C1F58C-76B6-4B14-9F54-D546541294EA}.Release|Any CPU.ActiveCfg = Release|Any CPU
		{00C1F58C-76B6-4B14-9F54-D546541294EA}.Release|Any CPU.Build.0 = Release|Any CPU
	EndGlobalSection
	GlobalSection(SolutionProperties) = preSolution
		HideSolutionNode = FALSE
	EndGlobalSection
	GlobalSection(ExtensibilityGlobals) = postSolution
		SolutionGuid = {846318F4-88C9-4DF5-BF20-2D9C59AA3266}
	EndGlobalSection
EndGlobal
